{
  "name": "app-vue-history",
  "version": "0.1.0",
  "lockfileVersion": 1,
  "requires": true,
  "dependencies": {
    "core-js": {
      "version": "3.6.5",
      "resolved": "https://registry.npm.taobao.org/core-js/download/core-js-3.6.5.tgz?cache=0&sync_timestamp=1589682726446&other_urls=https%3A%2F%2Fregistry.npm.taobao.org%2Fcore-js%2Fdownload%2Fcore-js-3.6.5.tgz",
      "integrity": "sha1-c5XcJzrzf7LlDpvT2f6EEoUjHRo="
    },
    "vue": {
      "version": "2.6.12",
      "resolved": "https://registry.npm.taobao.org/vue/download/vue-2.6.12.tgz?cache=0&sync_timestamp=1598480719140&other_urls=https%3A%2F%2Fregistry.npm.taobao.org%2Fvue%2Fdownload%2Fvue-2.6.12.tgz",
      "integrity": "sha1-9evU+mvShpQD4pqJau1JBEVskSM="
    },
    "vue-router": {
      "version": "3.4.3",
      "resolved": "https://registry.npm.taobao.org/vue-router/download/vue-router-3.4.3.tgz?cache=0&sync_timestamp=1597843291750&other_urls=https%3A%2F%2Fregistry.npm.taobao.org%2Fvue-router%2Fdownload%2Fvue-router-3.4.3.tgz",
      "integrity": "sha1-+pN2hhbuM4qhdPFgrJZRZ/pXL/o="
    },
    "vuex": {
      "version": "3.5.1",
      "resolved": "https://registry.npm.taobao.org/vuex/download/vuex-3.5.1.tgz",
      "integrity": "sha1-8bjc6mSbwlJUz09DWAgdv12hiz0="
    }
  }
}
